
Microsoft Visual Studio Solution File, Format Version 12.00
Project("{FAE04EC0-301F-11D3-BF4B-00C04F79EFBC}") = "EventFlow.AppHost", "src\aspire\EventFlow.AppHost\EventFlow.AppHost.csproj", "{08B69897-FE58-4A77-B72C-47E52240F0E3}"
EndProject
Project("{FAE04EC0-301F-11D3-BF4B-00C04F79EFBC}") = "EventFlow.ServiceDefaults", "src\aspire\EventFlow.ServiceDefaults\EventFlow.ServiceDefaults.csproj", "{1031331B-8CE8-4C49-8F16-AD88B493ED76}"
EndProject
Project("{2150E333-8FDC-42A3-9474-1A3956D46DE8}") = "SolutionsItems", "SolutionsItems", "{5FA7C9F6-FE2C-4756-927F-8211ED0F52DC}"
	ProjectSection(SolutionItems) = preProject
		Directory.Build.props = Directory.Build.props
		Directory.Packages.props = Directory.Packages.props
		.editorconfig = .editorconfig
	EndProjectSection
EndProject
Project("{2150E333-8FDC-42A3-9474-1A3956D46DE8}") = "aspire", "aspire", "{C8BFC6B6-F566-45C4-8EF3-8473CA1EB609}"
EndProject
Project("{2150E333-8FDC-42A3-9474-1A3956D46DE8}") = "eventos", "eventos", "{7262A415-60BA-4794-95DF-E506FC40397C}"
EndProject
Project("{FAE04EC0-301F-11D3-BF4B-00C04F79EFBC}") = "EventFlow.Eventos.Api", "src\eventos\EventFlow.Eventos.Api\EventFlow.Eventos.Api.csproj", "{DBAEFE26-1564-4E54-82DC-2527F92B90E2}"
EndProject
Global
	GlobalSection(SolutionConfigurationPlatforms) = preSolution
		Debug|Any CPU = Debug|Any CPU
		Release|Any CPU = Release|Any CPU
	EndGlobalSection
	GlobalSection(ProjectConfigurationPlatforms) = postSolution
		{08B69897-FE58-4A77-B72C-47E52240F0E3}.Debug|Any CPU.ActiveCfg = Debug|Any CPU
		{08B69897-FE58-4A77-B72C-47E52240F0E3}.Debug|Any CPU.Build.0 = Debug|Any CPU
		{08B69897-FE58-4A77-B72C-47E52240F0E3}.Release|Any CPU.ActiveCfg = Release|Any CPU
		{08B69897-FE58-4A77-B72C-47E52240F0E3}.Release|Any CPU.Build.0 = Release|Any CPU
		{1031331B-8CE8-4C49-8F16-AD88B493ED76}.Debug|Any CPU.ActiveCfg = Debug|Any CPU
		{1031331B-8CE8-4C49-8F16-AD88B493ED76}.Debug|Any CPU.Build.0 = Debug|Any CPU
		{1031331B-8CE8-4C49-8F16-AD88B493ED76}.Release|Any CPU.ActiveCfg = Release|Any CPU
		{1031331B-8CE8-4C49-8F16-AD88B493ED76}.Release|Any CPU.Build.0 = Release|Any CPU
		{DBAEFE26-1564-4E54-82DC-2527F92B90E2}.Debug|Any CPU.ActiveCfg = Debug|Any CPU
		{DBAEFE26-1564-4E54-82DC-2527F92B90E2}.Debug|Any CPU.Build.0 = Debug|Any CPU
		{DBAEFE26-1564-4E54-82DC-2527F92B90E2}.Release|Any CPU.ActiveCfg = Release|Any CPU
		{DBAEFE26-1564-4E54-82DC-2527F92B90E2}.Release|Any CPU.Build.0 = Release|Any CPU
	EndGlobalSection
	GlobalSection(NestedProjects) = preSolution
		{08B69897-FE58-4A77-B72C-47E52240F0E3} = {C8BFC6B6-F566-45C4-8EF3-8473CA1EB609}
		{1031331B-8CE8-4C49-8F16-AD88B493ED76} = {C8BFC6B6-F566-45C4-8EF3-8473CA1EB609}
		{DBAEFE26-1564-4E54-82DC-2527F92B90E2} = {7262A415-60BA-4794-95DF-E506FC40397C}
	EndGlobalSection
EndGlobal
