
Microsoft Visual Studio Solution File, Format Version 12.00
# Visual Studio Version 17
VisualStudioVersion = 17.0.31903.59
MinimumVisualStudioVersion = 10.0.40219.1
Project("{2150E333-8FDC-42A3-9474-1A3956D46DE8}") = "src", "src", "{4F6A3D7E-B9C0-4FAD-8F11-9D961FFA6BB5}"
EndProject
Project("{2150E333-8FDC-42A3-9474-1A3956D46DE8}") = "tests", "tests", "{0B28BC31-8460-4F54-9FD8-6E4EA7419AD3}"
EndProject
Project("{2150E333-8FDC-42A3-9474-1A3956D46DE8}") = "Itens de Solução", "Itens de Solução", "{4CA4E3B2-73A1-464F-9A26-C16FD710EC98}"
	ProjectSection(SolutionItems) = preProject
		.dockerignore = .dockerignore
		.editorconfig = .editorconfig
		.gitignore = .gitignore
		Directory.Build.props = Directory.Build.props
		Directory.Packages.props = Directory.Packages.props
		stryker-config.json = stryker-config.json
	EndProjectSection
EndProject
Project("{9A19103F-16F7-4668-BE54-9A1E7A4F7556}") = "GestaoEventos.Domain", "src\GestaoEventos.Domain\GestaoEventos.Domain.csproj", "{C3C8789D-9ABB-46DA-B0EA-F935C1D017BC}"
EndProject
Project("{9A19103F-16F7-4668-BE54-9A1E7A4F7556}") = "GestaoEventos.Infrastructure", "src\GestaoEventos.Infrastructure\GestaoEventos.Infrastructure.csproj", "{E3E4F7CE-4811-4A11-A5E5-79198F196626}"
EndProject
Project("{9A19103F-16F7-4668-BE54-9A1E7A4F7556}") = "GestaoEventos.Application", "src\GestaoEventos.Application\GestaoEventos.Application.csproj", "{4FC62939-5F17-4938-94DA-0118286C064B}"
EndProject
Project("{9A19103F-16F7-4668-BE54-9A1E7A4F7556}") = "GestaoEventos.Api", "src\GestaoEventos.Api\GestaoEventos.Api.csproj", "{D1EFA671-8852-4E99-8048-2C74BB90F5FE}"
EndProject
Project("{9A19103F-16F7-4668-BE54-9A1E7A4F7556}") = "GestaoEventos.Domain.Tests", "tests\GestaoEventos.Domain.Tests\GestaoEventos.Domain.Tests.csproj", "{141B783C-52E8-4FA2-8FF1-B70A7C7E304A}"
EndProject
Global
	GlobalSection(SolutionConfigurationPlatforms) = preSolution
		Debug|Any CPU = Debug|Any CPU
		Release|Any CPU = Release|Any CPU
	EndGlobalSection
	GlobalSection(ProjectConfigurationPlatforms) = postSolution
		{C3C8789D-9ABB-46DA-B0EA-F935C1D017BC}.Debug|Any CPU.ActiveCfg = Debug|Any CPU
		{C3C8789D-9ABB-46DA-B0EA-F935C1D017BC}.Debug|Any CPU.Build.0 = Debug|Any CPU
		{C3C8789D-9ABB-46DA-B0EA-F935C1D017BC}.Release|Any CPU.ActiveCfg = Release|Any CPU
		{C3C8789D-9ABB-46DA-B0EA-F935C1D017BC}.Release|Any CPU.Build.0 = Release|Any CPU
		{E3E4F7CE-4811-4A11-A5E5-79198F196626}.Debug|Any CPU.ActiveCfg = Debug|Any CPU
		{E3E4F7CE-4811-4A11-A5E5-79198F196626}.Debug|Any CPU.Build.0 = Debug|Any CPU
		{E3E4F7CE-4811-4A11-A5E5-79198F196626}.Release|Any CPU.ActiveCfg = Release|Any CPU
		{E3E4F7CE-4811-4A11-A5E5-79198F196626}.Release|Any CPU.Build.0 = Release|Any CPU
		{4FC62939-5F17-4938-94DA-0118286C064B}.Debug|Any CPU.ActiveCfg = Debug|Any CPU
		{4FC62939-5F17-4938-94DA-0118286C064B}.Debug|Any CPU.Build.0 = Debug|Any CPU
		{4FC62939-5F17-4938-94DA-0118286C064B}.Release|Any CPU.ActiveCfg = Release|Any CPU
		{4FC62939-5F17-4938-94DA-0118286C064B}.Release|Any CPU.Build.0 = Release|Any CPU
		{D1EFA671-8852-4E99-8048-2C74BB90F5FE}.Debug|Any CPU.ActiveCfg = Debug|Any CPU
		{D1EFA671-8852-4E99-8048-2C74BB90F5FE}.Debug|Any CPU.Build.0 = Debug|Any CPU
		{D1EFA671-8852-4E99-8048-2C74BB90F5FE}.Release|Any CPU.ActiveCfg = Release|Any CPU
		{D1EFA671-8852-4E99-8048-2C74BB90F5FE}.Release|Any CPU.Build.0 = Release|Any CPU
		{141B783C-52E8-4FA2-8FF1-B70A7C7E304A}.Debug|Any CPU.ActiveCfg = Debug|Any CPU
		{141B783C-52E8-4FA2-8FF1-B70A7C7E304A}.Debug|Any CPU.Build.0 = Debug|Any CPU
		{141B783C-52E8-4FA2-8FF1-B70A7C7E304A}.Release|Any CPU.ActiveCfg = Release|Any CPU
		{141B783C-52E8-4FA2-8FF1-B70A7C7E304A}.Release|Any CPU.Build.0 = Release|Any CPU
	EndGlobalSection
	GlobalSection(SolutionProperties) = preSolution
		HideSolutionNode = FALSE
	EndGlobalSection
	GlobalSection(NestedProjects) = preSolution
		{C3C8789D-9ABB-46DA-B0EA-F935C1D017BC} = {4F6A3D7E-B9C0-4FAD-8F11-9D961FFA6BB5}
		{E3E4F7CE-4811-4A11-A5E5-79198F196626} = {4F6A3D7E-B9C0-4FAD-8F11-9D961FFA6BB5}
		{4FC62939-5F17-4938-94DA-0118286C064B} = {4F6A3D7E-B9C0-4FAD-8F11-9D961FFA6BB5}
		{D1EFA671-8852-4E99-8048-2C74BB90F5FE} = {4F6A3D7E-B9C0-4FAD-8F11-9D961FFA6BB5}
		{141B783C-52E8-4FA2-8FF1-B70A7C7E304A} = {0B28BC31-8460-4F54-9FD8-6E4EA7419AD3}
	EndGlobalSection
	GlobalSection(ExtensibilityGlobals) = postSolution
		SolutionGuid = {7D04FC7D-73D5-4AF8-A5C8-9E9CD5839C4D}
	EndGlobalSection
EndGlobal
